
Microsoft Visual Studio Solution File, Format Version 12.00
# Visual Studio Version 16
VisualStudioVersion = 16.0.30114.105
MinimumVisualStudioVersion = 10.0.40219.1
Project("{FAE04EC0-301F-11D3-BF4B-00C04F79EFBC}") = "GrokkingAlgorithms", "GrokkingAlgorithms\GrokkingAlgorithms.csproj", "{66F3DC52-0E40-408F-8EFE-BFAEC9DE806B}"
EndProject
Project("{FAE04EC0-301F-11D3-BF4B-00C04F79EFBC}") = "GrokkingAlgorithms.Tests", "GrokkingAlgorithms.Tests\GrokkingAlgorithms.Tests.csproj", "{BD524514-B1D4-4C9E-B8DF-339D60DE2372}"
EndProject
Global
	GlobalSection(SolutionConfigurationPlatforms) = preSolution
		Debug|Any CPU = Debug|Any CPU
		Debug|x64 = Debug|x64
		Debug|x86 = Debug|x86
		Release|Any CPU = Release|Any CPU
		Release|x64 = Release|x64
		Release|x86 = Release|x86
	EndGlobalSection
	GlobalSection(SolutionProperties) = preSolution
		HideSolutionNode = FALSE
	EndGlobalSection
	GlobalSection(ProjectConfigurationPlatforms) = postSolution
		{66F3DC52-0E40-408F-8EFE-BFAEC9DE806B}.Debug|Any CPU.ActiveCfg = Debug|Any CPU
		{66F3DC52-0E40-408F-8EFE-BFAEC9DE806B}.Debug|Any CPU.Build.0 = Debug|Any CPU
		{66F3DC52-0E40-408F-8EFE-BFAEC9DE806B}.Debug|x64.ActiveCfg = Debug|Any CPU
		{66F3DC52-0E40-408F-8EFE-BFAEC9DE806B}.Debug|x64.Build.0 = Debug|Any CPU
		{66F3DC52-0E40-408F-8EFE-BFAEC9DE806B}.Debug|x86.ActiveCfg = Debug|Any CPU
		{66F3DC52-0E40-408F-8EFE-BFAEC9DE806B}.Debug|x86.Build.0 = Debug|Any CPU
		{66F3DC52-0E40-408F-8EFE-BFAEC9DE806B}.Release|Any CPU.ActiveCfg = Release|Any CPU
		{66F3DC52-0E40-408F-8EFE-BFAEC9DE806B}.Release|Any CPU.Build.0 = Release|Any CPU
		{66F3DC52-0E40-408F-8EFE-BFAEC9DE806B}.Release|x64.ActiveCfg = Release|Any CPU
		{66F3DC52-0E40-408F-8EFE-BFAEC9DE806B}.Release|x64.Build.0 = Release|Any CPU
		{66F3DC52-0E40-408F-8EFE-BFAEC9DE806B}.Release|x86.ActiveCfg = Release|Any CPU
		{66F3DC52-0E40-408F-8EFE-BFAEC9DE806B}.Release|x86.Build.0 = Release|Any CPU
		{BD524514-B1D4-4C9E-B8DF-339D60DE2372}.Debug|Any CPU.ActiveCfg = Debug|Any CPU
		{BD524514-B1D4-4C9E-B8DF-339D60DE2372}.Debug|Any CPU.Build.0 = Debug|Any CPU
		{BD524514-B1D4-4C9E-B8DF-339D60DE2372}.Debug|x64.ActiveCfg = Debug|Any CPU
		{BD524514-B1D4-4C9E-B8DF-339D60DE2372}.Debug|x64.Build.0 = Debug|Any CPU
		{BD524514-B1D4-4C9E-B8DF-339D60DE2372}.Debug|x86.ActiveCfg = Debug|Any CPU
		{BD524514-B1D4-4C9E-B8DF-339D60DE2372}.Debug|x86.Build.0 = Debug|Any CPU
		{BD524514-B1D4-4C9E-B8DF-339D60DE2372}.Release|Any CPU.ActiveCfg = Release|Any CPU
		{BD524514-B1D4-4C9E-B8DF-339D60DE2372}.Release|Any CPU.Build.0 = Release|Any CPU
		{BD524514-B1D4-4C9E-B8DF-339D60DE2372}.Release|x64.ActiveCfg = Release|Any CPU
		{BD524514-B1D4-4C9E-B8DF-339D60DE2372}.Release|x64.Build.0 = Release|Any CPU
		{BD524514-B1D4-4C9E-B8DF-339D60DE2372}.Release|x86.ActiveCfg = Release|Any CPU
		{BD524514-B1D4-4C9E-B8DF-339D60DE2372}.Release|x86.Build.0 = Release|Any CPU
	EndGlobalSection
EndGlobal
